
Microsoft Visual Studio Solution File, Format Version 12.00
# Visual Studio Version 17
VisualStudioVersion = 17.7.34221.43
MinimumVisualStudioVersion = 10.0.40219.1
Project("{9A19103F-16F7-4668-BE54-9A1E7A4F7556}") = "TopBarSharp", "TopBarSharp\TopBarSharp.csproj", "{39E9A5BA-367E-4593-BDB4-FF6A9E44C94C}"
EndProject
Global
	GlobalSection(SolutionConfigurationPlatforms) = preSolution
		Debug|Any CPU = Debug|Any CPU
		Debug|x64 = Debug|x64
		Debug|x86 = Debug|x86
		Release|Any CPU = Release|Any CPU
		Release|x64 = Release|x64
		Release|x86 = Release|x86
	EndGlobalSection
	GlobalSection(ProjectConfigurationPlatforms) = postSolution
		{39E9A5BA-367E-4593-BDB4-FF6A9E44C94C}.Debug|Any CPU.ActiveCfg = Debug|Any CPU
		{39E9A5BA-367E-4593-BDB4-FF6A9E44C94C}.Debug|Any CPU.Build.0 = Debug|Any CPU
		{39E9A5BA-367E-4593-BDB4-FF6A9E44C94C}.Debug|x64.ActiveCfg = Debug|x64
		{39E9A5BA-367E-4593-BDB4-FF6A9E44C94C}.Debug|x64.Build.0 = Debug|x64
		{39E9A5BA-367E-4593-BDB4-FF6A9E44C94C}.Debug|x86.ActiveCfg = Debug|x86
		{39E9A5BA-367E-4593-BDB4-FF6A9E44C94C}.Debug|x86.Build.0 = Debug|x86
		{39E9A5BA-367E-4593-BDB4-FF6A9E44C94C}.Release|Any CPU.ActiveCfg = Release|Any CPU
		{39E9A5BA-367E-4593-BDB4-FF6A9E44C94C}.Release|Any CPU.Build.0 = Release|Any CPU
		{39E9A5BA-367E-4593-BDB4-FF6A9E44C94C}.Release|x64.ActiveCfg = Release|x64
		{39E9A5BA-367E-4593-BDB4-FF6A9E44C94C}.Release|x64.Build.0 = Release|x64
		{39E9A5BA-367E-4593-BDB4-FF6A9E44C94C}.Release|x86.ActiveCfg = Release|x86
		{39E9A5BA-367E-4593-BDB4-FF6A9E44C94C}.Release|x86.Build.0 = Release|x86
	EndGlobalSection
	GlobalSection(SolutionProperties) = preSolution
		HideSolutionNode = FALSE
	EndGlobalSection
	GlobalSection(ExtensibilityGlobals) = postSolution
		SolutionGuid = {5D706BCF-5D93-4D18-8D32-FE93BBDDB0B3}
	EndGlobalSection
EndGlobal
